<?xml version="1.0" encoding="utf-8"?>
<Project ToolsVersion="4.0" xmlns="http://schemas.microsoft.com/developer/msbuild/2003">
  <ItemGroup>
    <Filter Include="Source Files">
      <UniqueIdentifier>{4FC737F1-C7A5-4376-A066-2A32D752A2FF}</UniqueIdentifier>
      <Extensions>cpp;c;cc;cxx;def;odl;idl;hpj;bat;asm;asmx</Extensions>
    </Filter>
    <Filter Include="Header Files">
      <UniqueIdentifier>{93995380-89BD-4b04-88EB-625FBE52EBFB}</UniqueIdentifier>
      <Extensions>h;hh;hpp;hxx;hm;inl;inc;ipp;xsd</Extensions>
    </Filter>
    <Filter Include="Resource Files">
      <UniqueIdentifier>{67DA6AB6-F800-4c08-8B7A-83BB121AAD01}</UniqueIdentifier>
      <Extensions>rc;ico;cur;bmp;dlg;rc2;rct;bin;rgs;gif;jpg;jpeg;jpe;resx;tiff;tif;png;wav;mfcribbon-ms</Extensions>
    </Filter>
    <Filter Include="Header Files\core">
      <UniqueIdentifier>{62f30954-88de-4e5b-afad-0b3163e826f4}</UniqueIdentifier>
    </Filter>
    <Filter Include="Header Files\core\3rd">
      <UniqueIdentifier>{75c1c330-84a4-4fcb-970f-f68d4850f65c}</UniqueIdentifier>
    </Filter>
    <Filter Include="Header Files\text">
      <UniqueIdentifier>{311198b8-3cc4-43b6-94d3-8b3c365d2ecc}</UniqueIdentifier>
    </Filter>
  </ItemGroup>
  <ItemGroup>
    <ClInclude Include="framework.h">
      <Filter>Header Files</Filter>
    </ClInclude>
    <ClInclude Include="pch.h">
      <Filter>Header Files</Filter>
    </ClInclude>
    <ClInclude Include="Char.h">
      <Filter>Header Files</Filter>
    </ClInclude>
    <ClInclude Include="Integer.h">
      <Filter>Header Files\core</Filter>
    </ClInclude>
    <ClInclude Include="uint16.h">
      <Filter>Header Files</Filter>
    </ClInclude>
    <ClInclude Include="ValueObject.h">
      <Filter>Header Files</Filter>
    </ClInclude>
    <ClInclude Include="Enviroment.h">
      <Filter>Header Files\core</Filter>
    </ClInclude>
    <ClInclude Include="CodePoint.h">
      <Filter>Header Files\text</Filter>
    </ClInclude>
    <ClInclude Include="int16.h">
      <Filter>Header Files\core</Filter>
    </ClInclude>
    <ClInclude Include="int32.h">
      <Filter>Header Files\core</Filter>
    </ClInclude>
    <ClInclude Include="uint6.h">
      <Filter>Header Files\core</Filter>
    </ClInclude>
    <ClInclude Include="String.h">
      <Filter>Header Files</Filter>
    </ClInclude>
    <ClInclude Include="fmt.h">
      <Filter>Header Files</Filter>
    </ClInclude>
    <ClInclude Include="format.h">
      <Filter>Header Files\core\3rd</Filter>
    </ClInclude>
    <ClInclude Include="format-inl.h">
      <Filter>Header Files\core\3rd</Filter>
    </ClInclude>
    <ClInclude Include="core.h">
      <Filter>Header Files\core\3rd</Filter>
    </ClInclude>
  </ItemGroup>
  <ItemGroup>
    <ClCompile Include="System.cpp">
      <Filter>Source Files</Filter>
    </ClCompile>
    <ClCompile Include="pch.cpp">
      <Filter>Source Files</Filter>
    </ClCompile>
  </ItemGroup>
</Project>